
Microsoft Visual Studio Solution File, Format Version 12.00
# Visual Studio Version 16
VisualStudioVersion = 16.0.32413.511
MinimumVisualStudioVersion = 10.0.40219.1
Project("{FAE04EC0-301F-11D3-BF4B-00C04F79EFBC}") = "APIAlunos", "APIAlunos\APIAlunos.csproj", "{277D9FFA-6175-4BF6-9EE0-EEE62BED082F}"
EndProject
Global
	GlobalSection(SolutionConfigurationPlatforms) = preSolution
		Debug|Any CPU = Debug|Any CPU
		Release|Any CPU = Release|Any CPU
	EndGlobalSection
	GlobalSection(ProjectConfigurationPlatforms) = postSolution
		{277D9FFA-6175-4BF6-9EE0-EEE62BED082F}.Debug|Any CPU.ActiveCfg = Debug|Any CPU
		{277D9FFA-6175-4BF6-9EE0-EEE62BED082F}.Debug|Any CPU.Build.0 = Debug|Any CPU
		{277D9FFA-6175-4BF6-9EE0-EEE62BED082F}.Release|Any CPU.ActiveCfg = Release|Any CPU
		{277D9FFA-6175-4BF6-9EE0-EEE62BED082F}.Release|Any CPU.Build.0 = Release|Any CPU
	EndGlobalSection
	GlobalSection(SolutionProperties) = preSolution
		HideSolutionNode = FALSE
	EndGlobalSection
	GlobalSection(ExtensibilityGlobals) = postSolution
		SolutionGuid = {F598C38C-CC26-4BDE-8C9A-B0D196EDFD8F}
	EndGlobalSection
EndGlobal
